
Microsoft Visual Studio Solution File, Format Version 12.00
# Visual Studio Version 17
VisualStudioVersion = 17.14.36414.22 d17.14
MinimumVisualStudioVersion = 10.0.40219.1
Project("{FAE04EC0-301F-11D3-BF4B-00C04F79EFBC}") = "Practical_16", "Practical_16\Practical_16.csproj", "{A12DEF0E-C089-49AC-A2D3-037C86FE1911}"
EndProject
Global
	GlobalSection(SolutionConfigurationPlatforms) = preSolution
		Debug|Any CPU = Debug|Any CPU
		Release|Any CPU = Release|Any CPU
	EndGlobalSection
	GlobalSection(ProjectConfigurationPlatforms) = postSolution
		{A12DEF0E-C089-49AC-A2D3-037C86FE1911}.Debug|Any CPU.ActiveCfg = Debug|Any CPU
		{A12DEF0E-C089-49AC-A2D3-037C86FE1911}.Debug|Any CPU.Build.0 = Debug|Any CPU
		{A12DEF0E-C089-49AC-A2D3-037C86FE1911}.Release|Any CPU.ActiveCfg = Release|Any CPU
		{A12DEF0E-C089-49AC-A2D3-037C86FE1911}.Release|Any CPU.Build.0 = Release|Any CPU
	EndGlobalSection
	GlobalSection(SolutionProperties) = preSolution
		HideSolutionNode = FALSE
	EndGlobalSection
	GlobalSection(ExtensibilityGlobals) = postSolution
		SolutionGuid = {1754C061-9153-429D-A932-6C080CFAC93B}
	EndGlobalSection
EndGlobal
